// !$*UTF8*$!
{
	archiveVersion = 1;
	classes = {
	};
	objectVersion = 50;
	objects = {

/* Begin PBXBuildFile section */
		2B1F721D225530140011D6FE /* AppDelegate.swift in Sources */ = {isa = PBXBuildFile; fileRef = 2B1F721C225530140011D6FE /* AppDelegate.swift */; };
		2B1F721F225530140011D6FE /* InoteListVC.swift in Sources */ = {isa = PBXBuildFile; fileRef = 2B1F721E225530140011D6FE /* InoteListVC.swift */; };
		2B1F7222225530140011D6FE /* Main.storyboard in Resources */ = {isa = PBXBuildFile; fileRef = 2B1F7220225530140011D6FE /* Main.storyboard */; };
		2B1F7224225530160011D6FE /* Assets.xcassets in Resources */ = {isa = PBXBuildFile; fileRef = 2B1F7223225530160011D6FE /* Assets.xcassets */; };
		2B1F7227225530160011D6FE /* LaunchScreen.storyboard in Resources */ = {isa = PBXBuildFile; fileRef = 2B1F7225225530160011D6FE /* LaunchScreen.storyboard */; };
		2B3E9B2A225608A600A6CE1E /* CategoryVC.swift in Sources */ = {isa = PBXBuildFile; fileRef = 2B3E9B29225608A600A6CE1E /* CategoryVC.swift */; };
		2B3E9B2E22562D1A00A6CE1E /* Item.swift in Sources */ = {isa = PBXBuildFile; fileRef = 2B3E9B2D22562D1A00A6CE1E /* Item.swift */; };
		2B3E9B3022562D3C00A6CE1E /* Category.swift in Sources */ = {isa = PBXBuildFile; fileRef = 2B3E9B2F22562D3C00A6CE1E /* Category.swift */; };
		CA73A242C3C3E9DCE1339CFA /* Pods_inote.framework in Frameworks */ = {isa = PBXBuildFile; fileRef = 54B3BA22B1943B5A3DCEA4A1 /* Pods_inote.framework */; };
/* End PBXBuildFile section */

/* Begin PBXFileReference section */
		2B1F7219225530140011D6FE /* inote.app */ = {isa = PBXFileReference; explicitFileType = wrapper.application; includeInIndex = 0; path = inote.app; sourceTree = BUILT_PRODUCTS_DIR; };
		2B1F721C225530140011D6FE /* AppDelegate.swift */ = {isa = PBXFileReference; lastKnownFileType = sourcecode.swift; path = AppDelegate.swift; sourceTree = "<group>"; };
		2B1F721E225530140011D6FE /* InoteListVC.swift */ = {isa = PBXFileReference; lastKnownFileType = sourcecode.swift; path = InoteListVC.swift; sourceTree = "<group>"; };
		2B1F7221225530140011D6FE /* Base */ = {isa = PBXFileReference; lastKnownFileType = file.storyboard; name = Base; path = Base.lproj/Main.storyboard; sourceTree = "<group>"; };
		2B1F7223225530160011D6FE /* Assets.xcassets */ = {isa = PBXFileReference; lastKnownFileType = folder.assetcatalog; path = Assets.xcassets; sourceTree = "<group>"; };
		2B1F7226225530160011D6FE /* Base */ = {isa = PBXFileReference; lastKnownFileType = file.storyboard; name = Base; path = Base.lproj/LaunchScreen.storyboard; sourceTree = "<group>"; };
		2B1F7228225530160011D6FE /* Info.plist */ = {isa = PBXFileReference; lastKnownFileType = text.plist.xml; path = Info.plist; sourceTree = "<group>"; };
		2B3E9B29225608A600A6CE1E /* CategoryVC.swift */ = {isa = PBXFileReference; lastKnownFileType = sourcecode.swift; path = CategoryVC.swift; sourceTree = "<group>"; };
		2B3E9B2D22562D1A00A6CE1E /* Item.swift */ = {isa = PBXFileReference; lastKnownFileType = sourcecode.swift; path = Item.swift; sourceTree = "<group>"; };
		2B3E9B2F22562D3C00A6CE1E /* Category.swift */ = {isa = PBXFileReference; lastKnownFileType = sourcecode.swift; path = Category.swift; sourceTree = "<group>"; };
		54B3BA22B1943B5A3DCEA4A1 /* Pods_inote.framework */ = {isa = PBXFileReference; explicitFileType = wrapper.framework; includeInIndex = 0; path = Pods_inote.framework; sourceTree = BUILT_PRODUCTS_DIR; };
		5D09DAB98D79419E65B798EA /* Pods-inote.release.xcconfig */ = {isa = PBXFileReference; includeInIndex = 1; lastKnownFileType = text.xcconfig; name = "Pods-inote.release.xcconfig"; path = "Target Support Files/Pods-inote/Pods-inote.release.xcconfig"; sourceTree = "<group>"; };
		C811CD4E2422C03AF5F334F0 /* Pods-inote.debug.xcconfig */ = {isa = PBXFileReference; includeInIndex = 1; lastKnownFileType = text.xcconfig; name = "Pods-inote.debug.xcconfig"; path = "Target Support Files/Pods-inote/Pods-inote.debug.xcconfig"; sourceTree = "<group>"; };
/* End PBXFileReference section */

/* Begin PBXFrameworksBuildPhase section */
		2B1F7216225530140011D6FE /* Frameworks */ = {
			isa = PBXFrameworksBuildPhase;
			buildActionMask = 2147483647;
			files = (
				CA73A242C3C3E9DCE1339CFA /* Pods_inote.framework in Frameworks */,
			);
			runOnlyForDeploymentPostprocessing = 0;
		};
/* End PBXFrameworksBuildPhase section */

/* Begin PBXGroup section */
		024E19A9FB192477356E2089 /* Frameworks */ = {
			isa = PBXGroup;
			children = (
				54B3BA22B1943B5A3DCEA4A1 /* Pods_inote.framework */,
			);
			name = Frameworks;
			sourceTree = "<group>";
		};
		179830D24849EB5DA3ADF5F7 /* Pods */ = {
			isa = PBXGroup;
			children = (
				C811CD4E2422C03AF5F334F0 /* Pods-inote.debug.xcconfig */,
				5D09DAB98D79419E65B798EA /* Pods-inote.release.xcconfig */,
			);
			path = Pods;
			sourceTree = "<group>";
		};
		2B1F7210225530140011D6FE = {
			isa = PBXGroup;
			children = (
				2B1F721B225530140011D6FE /* inote */,
				2B1F721A225530140011D6FE /* Products */,
				179830D24849EB5DA3ADF5F7 /* Pods */,
				024E19A9FB192477356E2089 /* Frameworks */,
			);
			sourceTree = "<group>";
		};
		2B1F721A225530140011D6FE /* Products */ = {
			isa = PBXGroup;
			children = (
				2B1F7219225530140011D6FE /* inote.app */,
			);
			name = Products;
			sourceTree = "<group>";
		};
		2B1F721B225530140011D6FE /* inote */ = {
			isa = PBXGroup;
			children = (
				2B1F721C225530140011D6FE /* AppDelegate.swift */,
				2B1F7231225555820011D6FE /* Controllers */,
				2B1F7230225555610011D6FE /* Model */,
				2B1F72322255559B0011D6FE /* View */,
				2B1F7233225555B70011D6FE /* Supporting Files */,
				2B1F7228225530160011D6FE /* Info.plist */,
			);
			path = inote;
			sourceTree = "<group>";
		};
		2B1F7230225555610011D6FE /* Model */ = {
			isa = PBXGroup;
			children = (
				2B3E9B2F22562D3C00A6CE1E /* Category.swift */,
				2B3E9B2D22562D1A00A6CE1E /* Item.swift */,
			);
			path = Model;
			sourceTree = "<group>";
		};
		2B1F7231225555820011D6FE /* Controllers */ = {
			isa = PBXGroup;
			children = (
				2B3E9B29225608A600A6CE1E /* CategoryVC.swift */,
				2B1F721E225530140011D6FE /* InoteListVC.swift */,
			);
			path = Controllers;
			sourceTree = "<group>";
		};
		2B1F72322255559B0011D6FE /* View */ = {
			isa = PBXGroup;
			children = (
				2B1F7220225530140011D6FE /* Main.storyboard */,
			);
			path = View;
			sourceTree = "<group>";
		};
		2B1F7233225555B70011D6FE /* Supporting Files */ = {
			isa = PBXGroup;
			children = (
				2B1F7223225530160011D6FE /* Assets.xcassets */,
				2B1F7225225530160011D6FE /* LaunchScreen.storyboard */,
			);
			path = "Supporting Files";
			sourceTree = "<group>";
		};
/* End PBXGroup section */

/* Begin PBXNativeTarget section */
		2B1F7218225530140011D6FE /* inote */ = {
			isa = PBXNativeTarget;
			buildConfigurationList = 2B1F722B225530160011D6FE /* Build configuration list for PBXNativeTarget "inote" */;
			buildPhases = (
				4725EE0B5E61F9DB27E0FFE9 /* [CP] Check Pods Manifest.lock */,
				2B1F7215225530140011D6FE /* Sources */,
				2B1F7216225530140011D6FE /* Frameworks */,
				2B1F7217225530140011D6FE /* Resources */,
				6842EB21AE5D014F87684E40 /* [CP] Embed Pods Frameworks */,
			);
			buildRules = (
			);
			dependencies = (
			);
			name = inote;
			productName = inote;
			productReference = 2B1F7219225530140011D6FE /* inote.app */;
			productType = "com.apple.product-type.application";
		};
/* End PBXNativeTarget section */

/* Begin PBXProject section */
		2B1F7211225530140011D6FE /* Project object */ = {
			isa = PBXProject;
			attributes = {
				LastSwiftUpdateCheck = 1000;
				LastUpgradeCheck = 1000;
				ORGANIZATIONNAME = "ahmed abokhalil";
				TargetAttributes = {
					2B1F7218225530140011D6FE = {
						CreatedOnToolsVersion = 10.0;
					};
				};
			};
			buildConfigurationList = 2B1F7214225530140011D6FE /* Build configuration list for PBXProject "inote" */;
			compatibilityVersion = "Xcode 9.3";
			developmentRegion = en;
			hasScannedForEncodings = 0;
			knownRegions = (
				en,
				Base,
			);
			mainGroup = 2B1F7210225530140011D6FE;
			productRefGroup = 2B1F721A225530140011D6FE /* Products */;
			projectDirPath = "";
			projectRoot = "";
			targets = (
				2B1F7218225530140011D6FE /* inote */,
			);
		};
/* End PBXProject section */

/* Begin PBXResourcesBuildPhase section */
		2B1F7217225530140011D6FE /* Resources */ = {
			isa = PBXResourcesBuildPhase;
			buildActionMask = 2147483647;
			files = (
				2B1F7227225530160011D6FE /* LaunchScreen.storyboard in Resources */,
				2B1F7224225530160011D6FE /* Assets.xcassets in Resources */,
				2B1F7222225530140011D6FE /* Main.storyboard in Resources */,
			);
			runOnlyForDeploymentPostprocessing = 0;
		};
/* End PBXResourcesBuildPhase section */

/* Begin PBXShellScriptBuildPhase section */
		4725EE0B5E61F9DB27E0FFE9 /* [CP] Check Pods Manifest.lock */ = {
			isa = PBXShellScriptBuildPhase;
			buildActionMask = 2147483647;
			files = (
			);
			inputFileListPaths = (
			);
			inputPaths = (
				"${PODS_PODFILE_DIR_PATH}/Podfile.lock",
				"${PODS_ROOT}/Manifest.lock",
			);
			name = "[CP] Check Pods Manifest.lock";
			outputFileListPaths = (
			);
			outputPaths = (
				"$(DERIVED_FILE_DIR)/Pods-inote-checkManifestLockResult.txt",
			);
			runOnlyForDeploymentPostprocessing = 0;
			shellPath = /bin/sh;
			shellScript = "diff \"${PODS_PODFILE_DIR_PATH}/Podfile.lock\" \"${PODS_ROOT}/Manifest.lock\" > /dev/null\nif [ $? != 0 ] ; then\n    # print error to STDERR\n    echo \"error: The sandbox is not in sync with the Podfile.lock. Run 'pod install' or update your CocoaPods installation.\" >&2\n    exit 1\nfi\n# This output is used by Xcode 'outputs' to avoid re-running this script phase.\necho \"SUCCESS\" > \"${SCRIPT_OUTPUT_FILE_0}\"\n";
			showEnvVarsInLog = 0;
		};
		6842EB21AE5D014F87684E40 /* [CP] Embed Pods Frameworks */ = {
			isa = PBXShellScriptBuildPhase;
			buildActionMask = 2147483647;
			files = (
			);
			inputFileListPaths = (
			);
			inputPaths = (
				"${PODS_ROOT}/Target Support Files/Pods-inote/Pods-inote-frameworks.sh",
				"${BUILT_PRODUCTS_DIR}/Realm/Realm.framework",
				"${BUILT_PRODUCTS_DIR}/RealmSwift/RealmSwift.framework",
			);
			name = "[CP] Embed Pods Frameworks";
			outputFileListPaths = (
			);
			outputPaths = (
				"${TARGET_BUILD_DIR}/${FRAMEWORKS_FOLDER_PATH}/Realm.framework",
				"${TARGET_BUILD_DIR}/${FRAMEWORKS_FOLDER_PATH}/RealmSwift.framework",
			);
			runOnlyForDeploymentPostprocessing = 0;
			shellPath = /bin/sh;
			shellScript = "\"${PODS_ROOT}/Target Support Files/Pods-inote/Pods-inote-frameworks.sh\"\n";
			showEnvVarsInLog = 0;
		};
/* End PBXShellScriptBuildPhase section */

/* Begin PBXSourcesBuildPhase section */
		2B1F7215225530140011D6FE /* Sources */ = {
			isa = PBXSourcesBuildPhase;
			buildActionMask = 2147483647;
			files = (
				2B3E9B2E22562D1A00A6CE1E /* Item.swift in Sources */,
				2B1F721F225530140011D6FE /* InoteListVC.swift in Sources */,
				2B3E9B2A225608A600A6CE1E /* CategoryVC.swift in Sources */,
				2B1F721D225530140011D6FE /* AppDelegate.swift in Sources */,
				2B3E9B3022562D3C00A6CE1E /* Category.swift in Sources */,
			);
			runOnlyForDeploymentPostprocessing = 0;
		};
/* End PBXSourcesBuildPhase section */

/* Begin PBXVariantGroup section */
		2B1F7220225530140011D6FE /* Main.storyboard */ = {
			isa = PBXVariantGroup;
			children = (
				2B1F7221225530140011D6FE /* Base */,
			);
			name = Main.storyboard;
			sourceTree = "<group>";
		};
		2B1F7225225530160011D6FE /* LaunchScreen.storyboard */ = {
			isa = PBXVariantGroup;
			children = (
				2B1F7226225530160011D6FE /* Base */,
			);
			name = LaunchScreen.storyboard;
			sourceTree = "<group>";
		};
/* End PBXVariantGroup section */

/* Begin XCBuildConfiguration section */
		2B1F7229225530160011D6FE /* Debug */ = {
			isa = XCBuildConfiguration;
			buildSettings = {
				ALWAYS_SEARCH_USER_PATHS = NO;
				CLANG_ANALYZER_NONNULL = YES;
				CLANG_ANALYZER_NUMBER_OBJECT_CONVERSION = YES_AGGRESSIVE;
				CLANG_CXX_LANGUAGE_STANDARD = "gnu++14";
				CLANG_CXX_LIBRARY = "libc++";
				CLANG_ENABLE_MODULES = YES;
				CLANG_ENABLE_OBJC_ARC = YES;
				CLANG_ENABLE_OBJC_WEAK = YES;
				CLANG_WARN_BLOCK_CAPTURE_AUTORELEASING = YES;
				CLANG_WARN_BOOL_CONVERSION = YES;
				CLANG_WARN_COMMA = YES;
				CLANG_WARN_CONSTANT_CONVERSION = YES;
				CLANG_WARN_DEPRECATED_OBJC_IMPLEMENTATIONS = YES;
				CLANG_WARN_DIRECT_OBJC_ISA_USAGE = YES_ERROR;
				CLANG_WARN_DOCUMENTATION_COMMENTS = YES;
				CLANG_WARN_EMPTY_BODY = YES;
				CLANG_WARN_ENUM_CONVERSION = YES;
				CLANG_WARN_INFINITE_RECURSION = YES;
				CLANG_WARN_INT_CONVERSION = YES;
				CLANG_WARN_NON_LITERAL_NULL_CONVERSION = YES;
				CLANG_WARN_OBJC_IMPLICIT_RETAIN_SELF = YES;
				CLANG_WARN_OBJC_LITERAL_CONVERSION = YES;
				CLANG_WARN_OBJC_ROOT_CLASS = YES_ERROR;
				CLANG_WARN_RANGE_LOOP_ANALYSIS = YES;
				CLANG_WARN_STRICT_PROTOTYPES = YES;
				CLANG_WARN_SUSPICIOUS_MOVE = YES;
				CLANG_WARN_UNGUARDED_AVAILABILITY = YES_AGGRESSIVE;
				CLANG_WARN_UNREACHABLE_CODE = YES;
				CLANG_WARN__DUPLICATE_METHOD_MATCH = YES;
				CODE_SIGN_IDENTITY = "iPhone Developer";
				COPY_PHASE_STRIP = NO;
				DEBUG_INFORMATION_FORMAT = dwarf;
				ENABLE_STRICT_OBJC_MSGSEND = YES;
				ENABLE_TESTABILITY = YES;
				GCC_C_LANGUAGE_STANDARD = gnu11;
				GCC_DYNAMIC_NO_PIC = NO;
				GCC_NO_COMMON_BLOCKS = YES;
				GCC_OPTIMIZATION_LEVEL = 0;
				GCC_PREPROCESSOR_DEFINITIONS = (
					"DEBUG=1",
					"$(inherited)",
				);
				GCC_WARN_64_TO_32_BIT_CONVERSION = YES;
				GCC_WARN_ABOUT_RETURN_TYPE = YES_ERROR;
				GCC_WARN_UNDECLARED_SELECTOR = YES;
				GCC_WARN_UNINITIALIZED_AUTOS = YES_AGGRESSIVE;
				GCC_WARN_UNUSED_FUNCTION = YES;
				GCC_WARN_UNUSED_VARIABLE = YES;
				IPHONEOS_DEPLOYMENT_TARGET = 12.0;
				MTL_ENABLE_DEBUG_INFO = INCLUDE_SOURCE;
				MTL_FAST_MATH = YES;
				ONLY_ACTIVE_ARCH = YES;
				SDKROOT = iphoneos;
				SWIFT_ACTIVE_COMPILATION_CONDITIONS = DEBUG;
				SWIFT_OPTIMIZATION_LEVEL = "-Onone";
			};
			name = Debug;
		};
		2B1F722A225530160011D6FE /* Release */ = {
			isa = XCBuildConfiguration;
			buildSettings = {
				ALWAYS_SEARCH_USER_PATHS = NO;
				CLANG_ANALYZER_NONNULL = YES;
				CLANG_ANALYZER_NUMBER_OBJECT_CONVERSION = YES_AGGRESSIVE;
				CLANG_CXX_LANGUAGE_STANDARD = "gnu++14";
				CLANG_CXX_LIBRARY = "libc++";
				CLANG_ENABLE_MODULES = YES;
				CLANG_ENABLE_OBJC_ARC = YES;
				CLANG_ENABLE_OBJC_WEAK = YES;
				CLANG_WARN_BLOCK_CAPTURE_AUTORELEASING = YES;
				CLANG_WARN_BOOL_CONVERSION = YES;
				CLANG_WARN_COMMA = YES;
				CLANG_WARN_CONSTANT_CONVERSION = YES;
				CLANG_WARN_DEPRECATED_OBJC_IMPLEMENTATIONS = YES;
				CLANG_WARN_DIRECT_OBJC_ISA_USAGE = YES_ERROR;
				CLANG_WARN_DOCUMENTATION_COMMENTS = YES;
				CLANG_WARN_EMPTY_BODY = YES;
				CLANG_WARN_ENUM_CONVERSION = YES;
				CLANG_WARN_INFINITE_RECURSION = YES;
				CLANG_WARN_INT_CONVERSION = YES;
				CLANG_WARN_NON_LITERAL_NULL_CONVERSION = YES;
				CLANG_WARN_OBJC_IMPLICIT_RETAIN_SELF = YES;
				CLANG_WARN_OBJC_LITERAL_CONVERSION = YES;
				CLANG_WARN_OBJC_ROOT_CLASS = YES_ERROR;
				CLANG_WARN_RANGE_LOOP_ANALYSIS = YES;
				CLANG_WARN_STRICT_PROTOTYPES = YES;
				CLANG_WARN_SUSPICIOUS_MOVE = YES;
				CLANG_WARN_UNGUARDED_AVAILABILITY = YES_AGGRESSIVE;
				CLANG_WARN_UNREACHABLE_CODE = YES;
				CLANG_WARN__DUPLICATE_METHOD_MATCH = YES;
				CODE_SIGN_IDENTITY = "iPhone Developer";
				COPY_PHASE_STRIP = NO;
				DEBUG_INFORMATION_FORMAT = "dwarf-with-dsym";
				ENABLE_NS_ASSERTIONS = NO;
				ENABLE_STRICT_OBJC_MSGSEND = YES;
				GCC_C_LANGUAGE_STANDARD = gnu11;
				GCC_NO_COMMON_BLOCKS = YES;
				GCC_WARN_64_TO_32_BIT_CONVERSION = YES;
				GCC_WARN_ABOUT_RETURN_TYPE = YES_ERROR;
				GCC_WARN_UNDECLARED_SELECTOR = YES;
				GCC_WARN_UNINITIALIZED_AUTOS = YES_AGGRESSIVE;
				GCC_WARN_UNUSED_FUNCTION = YES;
				GCC_WARN_UNUSED_VARIABLE = YES;
				IPHONEOS_DEPLOYMENT_TARGET = 12.0;
				MTL_ENABLE_DEBUG_INFO = NO;
				MTL_FAST_MATH = YES;
				SDKROOT = iphoneos;
				SWIFT_COMPILATION_MODE = wholemodule;
				SWIFT_OPTIMIZATION_LEVEL = "-O";
				VALIDATE_PRODUCT = YES;
			};
			name = Release;
		};
		2B1F722C225530160011D6FE /* Debug */ = {
			isa = XCBuildConfiguration;
			baseConfigurationReference = C811CD4E2422C03AF5F334F0 /* Pods-inote.debug.xcconfig */;
			buildSettings = {
				ASSETCATALOG_COMPILER_APPICON_NAME = AppIcon;
				CODE_SIGN_STYLE = Automatic;
				INFOPLIST_FILE = inote/Info.plist;
				LD_RUNPATH_SEARCH_PATHS = (
					"$(inherited)",
					"@executable_path/Frameworks",
				);
				PRODUCT_BUNDLE_IDENTIFIER = com.abokhalil.inote;
				PRODUCT_NAME = "$(TARGET_NAME)";
				SWIFT_VERSION = 4.2;
				TARGETED_DEVICE_FAMILY = "1,2";
			};
			name = Debug;
		};
		2B1F722D225530160011D6FE /* Release */ = {
			isa = XCBuildConfiguration;
			baseConfigurationReference = 5D09DAB98D79419E65B798EA /* Pods-inote.release.xcconfig */;
			buildSettings = {
				ASSETCATALOG_COMPILER_APPICON_NAME = AppIcon;
				CODE_SIGN_STYLE = Automatic;
				INFOPLIST_FILE = inote/Info.plist;
				LD_RUNPATH_SEARCH_PATHS = (
					"$(inherited)",
					"@executable_path/Frameworks",
				);
				PRODUCT_BUNDLE_IDENTIFIER = com.abokhalil.inote;
				PRODUCT_NAME = "$(TARGET_NAME)";
				SWIFT_VERSION = 4.2;
				TARGETED_DEVICE_FAMILY = "1,2";
			};
			name = Release;
		};
/* End XCBuildConfiguration section */

/* Begin XCConfigurationList section */
		2B1F7214225530140011D6FE /* Build configuration list for PBXProject "inote" */ = {
			isa = XCConfigurationList;
			buildConfigurations = (
				2B1F7229225530160011D6FE /* Debug */,
				2B1F722A225530160011D6FE /* Release */,
			);
			defaultConfigurationIsVisible = 0;
			defaultConfigurationName = Release;
		};
		2B1F722B225530160011D6FE /* Build configuration list for PBXNativeTarget "inote" */ = {
			isa = XCConfigurationList;
			buildConfigurations = (
				2B1F722C225530160011D6FE /* Debug */,
				2B1F722D225530160011D6FE /* Release */,
			);
			defaultConfigurationIsVisible = 0;
			defaultConfigurationName = Release;
		};
/* End XCConfigurationList section */
	};
	rootObject = 2B1F7211225530140011D6FE /* Project object */;
}
